
Microsoft Visual Studio Solution File, Format Version 12.00
# Visual Studio Version 17
VisualStudioVersion = 17.13.35913.81
MinimumVisualStudioVersion = 10.0.40219.1
Project("{FAE04EC0-301F-11D3-BF4B-00C04F79EFBC}") = "presentacion", "WinFormsApp\presentacion.csproj", "{7F6CFAC2-9AC0-440C-A3D5-2939744F2A95}"
EndProject
Project("{2150E333-8FDC-42A3-9474-1A3956D46DE8}") = "Elementos de la solución", "Elementos de la solución", "{D107F4C8-89CC-BEA8-D3D7-CA6B7733353D}"
EndProject
Project("{FAE04EC0-301F-11D3-BF4B-00C04F79EFBC}") = "dominio", "dominio\dominio.csproj", "{16F769D2-6F64-4925-926D-CAFE2B0ACDAB}"
EndProject
Project("{FAE04EC0-301F-11D3-BF4B-00C04F79EFBC}") = "negocio", "negocio\negocio.csproj", "{732F8DCF-30D5-4D72-9806-9298F7FF2F8F}"
EndProject
Global
	GlobalSection(SolutionConfigurationPlatforms) = preSolution
		Debug|Any CPU = Debug|Any CPU
		Release|Any CPU = Release|Any CPU
	EndGlobalSection
	GlobalSection(ProjectConfigurationPlatforms) = postSolution
		{7F6CFAC2-9AC0-440C-A3D5-2939744F2A95}.Debug|Any CPU.ActiveCfg = Debug|Any CPU
		{7F6CFAC2-9AC0-440C-A3D5-2939744F2A95}.Debug|Any CPU.Build.0 = Debug|Any CPU
		{7F6CFAC2-9AC0-440C-A3D5-2939744F2A95}.Release|Any CPU.ActiveCfg = Release|Any CPU
		{7F6CFAC2-9AC0-440C-A3D5-2939744F2A95}.Release|Any CPU.Build.0 = Release|Any CPU
		{16F769D2-6F64-4925-926D-CAFE2B0ACDAB}.Debug|Any CPU.ActiveCfg = Debug|Any CPU
		{16F769D2-6F64-4925-926D-CAFE2B0ACDAB}.Debug|Any CPU.Build.0 = Debug|Any CPU
		{16F769D2-6F64-4925-926D-CAFE2B0ACDAB}.Release|Any CPU.ActiveCfg = Release|Any CPU
		{16F769D2-6F64-4925-926D-CAFE2B0ACDAB}.Release|Any CPU.Build.0 = Release|Any CPU
		{732F8DCF-30D5-4D72-9806-9298F7FF2F8F}.Debug|Any CPU.ActiveCfg = Debug|Any CPU
		{732F8DCF-30D5-4D72-9806-9298F7FF2F8F}.Debug|Any CPU.Build.0 = Debug|Any CPU
		{732F8DCF-30D5-4D72-9806-9298F7FF2F8F}.Release|Any CPU.ActiveCfg = Release|Any CPU
		{732F8DCF-30D5-4D72-9806-9298F7FF2F8F}.Release|Any CPU.Build.0 = Release|Any CPU
	EndGlobalSection
	GlobalSection(SolutionProperties) = preSolution
		HideSolutionNode = FALSE
	EndGlobalSection
	GlobalSection(ExtensibilityGlobals) = postSolution
		SolutionGuid = {64CBAD52-3298-4883-8C60-7754DA08F46A}
	EndGlobalSection
EndGlobal
